
Microsoft Visual Studio Solution File, Format Version 12.00
# Visual Studio Version 16
VisualStudioVersion = 16.0.32126.315
MinimumVisualStudioVersion = 10.0.40219.1
Project("{FAE04EC0-301F-11D3-BF4B-00C04F79EFBC}") = "FullFrameworkLib", "FullFrameworkLib\FullFrameworkLib.csproj", "{6AD4F0E8-80CA-4BFA-B866-75291ACB04D1}"
EndProject
Project("{FAE04EC0-301F-11D3-BF4B-00C04F79EFBC}") = "CoreLib", "CoreLib\CoreLib.csproj", "{514A4AAD-F27F-4124-A770-E680B7DBC82B}"
EndProject
Project("{FAE04EC0-301F-11D3-BF4B-00C04F79EFBC}") = "CLITool", "CLITool\CLITool.csproj", "{D334AD38-7EBE-4246-9290-CB8AD214E4BC}"
EndProject
Global
	GlobalSection(SolutionConfigurationPlatforms) = preSolution
		Debug|Any CPU = Debug|Any CPU
		Release|Any CPU = Release|Any CPU
	EndGlobalSection
	GlobalSection(ProjectConfigurationPlatforms) = postSolution
		{6AD4F0E8-80CA-4BFA-B866-75291ACB04D1}.Debug|Any CPU.ActiveCfg = Debug|Any CPU
		{6AD4F0E8-80CA-4BFA-B866-75291ACB04D1}.Debug|Any CPU.Build.0 = Debug|Any CPU
		{6AD4F0E8-80CA-4BFA-B866-75291ACB04D1}.Release|Any CPU.ActiveCfg = Release|Any CPU
		{6AD4F0E8-80CA-4BFA-B866-75291ACB04D1}.Release|Any CPU.Build.0 = Release|Any CPU
		{514A4AAD-F27F-4124-A770-E680B7DBC82B}.Debug|Any CPU.ActiveCfg = Debug|Any CPU
		{514A4AAD-F27F-4124-A770-E680B7DBC82B}.Debug|Any CPU.Build.0 = Debug|Any CPU
		{514A4AAD-F27F-4124-A770-E680B7DBC82B}.Release|Any CPU.ActiveCfg = Release|Any CPU
		{514A4AAD-F27F-4124-A770-E680B7DBC82B}.Release|Any CPU.Build.0 = Release|Any CPU
		{D334AD38-7EBE-4246-9290-CB8AD214E4BC}.Debug|Any CPU.ActiveCfg = Debug|Any CPU
		{D334AD38-7EBE-4246-9290-CB8AD214E4BC}.Debug|Any CPU.Build.0 = Debug|Any CPU
		{D334AD38-7EBE-4246-9290-CB8AD214E4BC}.Release|Any CPU.ActiveCfg = Release|Any CPU
		{D334AD38-7EBE-4246-9290-CB8AD214E4BC}.Release|Any CPU.Build.0 = Release|Any CPU
	EndGlobalSection
	GlobalSection(SolutionProperties) = preSolution
		HideSolutionNode = FALSE
	EndGlobalSection
	GlobalSection(ExtensibilityGlobals) = postSolution
		SolutionGuid = {0A5E9664-9A37-4EF6-810D-44AFA2CEE3C7}
	EndGlobalSection
EndGlobal
